
Microsoft Visual Studio Solution File, Format Version 12.00
# Visual Studio Version 16
VisualStudioVersion = 16.0.31702.278
MinimumVisualStudioVersion = 10.0.40219.1
Project("{FAE04EC0-301F-11D3-BF4B-00C04F79EFBC}") = "StudentsTestCore.Entities", "StudentsTest.Entities\StudentsTestCore.Entities.csproj", "{2D8F0A45-0D5F-4790-A89B-0BF67A494DFD}"
EndProject
Project("{FAE04EC0-301F-11D3-BF4B-00C04F79EFBC}") = "StudentsTestCore", "StudentsTestCore\StudentsTestCore.csproj", "{5146E02C-8483-4E15-8983-E509FE503B91}"
EndProject
Project("{FAE04EC0-301F-11D3-BF4B-00C04F79EFBC}") = "StudentsTestCore.Business", "StudentsTestCore.Business\StudentsTestCore.Business.csproj", "{87B40871-B2B9-443A-A378-B97BA52D2C63}"
EndProject
Global
	GlobalSection(SolutionConfigurationPlatforms) = preSolution
		Debug|Any CPU = Debug|Any CPU
		Release|Any CPU = Release|Any CPU
	EndGlobalSection
	GlobalSection(ProjectConfigurationPlatforms) = postSolution
		{2D8F0A45-0D5F-4790-A89B-0BF67A494DFD}.Debug|Any CPU.ActiveCfg = Debug|Any CPU
		{2D8F0A45-0D5F-4790-A89B-0BF67A494DFD}.Debug|Any CPU.Build.0 = Debug|Any CPU
		{2D8F0A45-0D5F-4790-A89B-0BF67A494DFD}.Release|Any CPU.ActiveCfg = Release|Any CPU
		{2D8F0A45-0D5F-4790-A89B-0BF67A494DFD}.Release|Any CPU.Build.0 = Release|Any CPU
		{5146E02C-8483-4E15-8983-E509FE503B91}.Debug|Any CPU.ActiveCfg = Debug|Any CPU
		{5146E02C-8483-4E15-8983-E509FE503B91}.Debug|Any CPU.Build.0 = Debug|Any CPU
		{5146E02C-8483-4E15-8983-E509FE503B91}.Release|Any CPU.ActiveCfg = Release|Any CPU
		{5146E02C-8483-4E15-8983-E509FE503B91}.Release|Any CPU.Build.0 = Release|Any CPU
		{87B40871-B2B9-443A-A378-B97BA52D2C63}.Debug|Any CPU.ActiveCfg = Debug|Any CPU
		{87B40871-B2B9-443A-A378-B97BA52D2C63}.Debug|Any CPU.Build.0 = Debug|Any CPU
		{87B40871-B2B9-443A-A378-B97BA52D2C63}.Release|Any CPU.ActiveCfg = Release|Any CPU
		{87B40871-B2B9-443A-A378-B97BA52D2C63}.Release|Any CPU.Build.0 = Release|Any CPU
	EndGlobalSection
	GlobalSection(SolutionProperties) = preSolution
		HideSolutionNode = FALSE
	EndGlobalSection
	GlobalSection(ExtensibilityGlobals) = postSolution
		SolutionGuid = {55792E9E-E71A-4763-8C34-D912D3FA4150}
	EndGlobalSection
EndGlobal
